
Microsoft Visual Studio Solution File, Format Version 12.00
# Visual Studio Version 16
VisualStudioVersion = 16.0.30011.22
MinimumVisualStudioVersion = 10.0.40219.1
Project("{FAE04EC0-301F-11D3-BF4B-00C04F79EFBC}") = "ProjectPO", "ProjectPO.csproj", "{3CE070DE-EA13-47D2-A265-89E17F11A859}"
EndProject
Global
	GlobalSection(SolutionConfigurationPlatforms) = preSolution
		Debug|Any CPU = Debug|Any CPU
		Release|Any CPU = Release|Any CPU
	EndGlobalSection
	GlobalSection(ProjectConfigurationPlatforms) = postSolution
		{3CE070DE-EA13-47D2-A265-89E17F11A859}.Debug|Any CPU.ActiveCfg = Debug|Any CPU
		{3CE070DE-EA13-47D2-A265-89E17F11A859}.Debug|Any CPU.Build.0 = Debug|Any CPU
		{3CE070DE-EA13-47D2-A265-89E17F11A859}.Release|Any CPU.ActiveCfg = Release|Any CPU
		{3CE070DE-EA13-47D2-A265-89E17F11A859}.Release|Any CPU.Build.0 = Release|Any CPU
	EndGlobalSection
	GlobalSection(SolutionProperties) = preSolution
		HideSolutionNode = FALSE
	EndGlobalSection
	GlobalSection(ExtensibilityGlobals) = postSolution
		SolutionGuid = {5C635E58-D320-4919-9EA8-C283F0AF043C}
	EndGlobalSection
EndGlobal
